
Microsoft Visual Studio Solution File, Format Version 12.00
# Visual Studio 15
VisualStudioVersion = 15.0.26403.3
MinimumVisualStudioVersion = 10.0.40219.1
Project("{FAE04EC0-301F-11D3-BF4B-00C04F79EFBC}") = "MCRepositoryTool", "MCRepositoryTool\MCRepositoryTool.csproj", "{4DB81548-C06B-49E0-BB35-02E850AC8BE6}"
EndProject
Project("{FAE04EC0-301F-11D3-BF4B-00C04F79EFBC}") = "MCLogTool", "MCLogTool\MCLogTool.csproj", "{582138FD-81F5-4538-B86A-39BF5BB0A710}"
EndProject
Project("{FAE04EC0-301F-11D3-BF4B-00C04F79EFBC}") = "MCRepositoryTool.Logic", "MCRepositoryTool.Logic\MCRepositoryTool.Logic.csproj", "{18FC6C15-D91C-4896-92A8-727C6843926C}"
EndProject
Global
	GlobalSection(SolutionConfigurationPlatforms) = preSolution
		Debug|Any CPU = Debug|Any CPU
		Release|Any CPU = Release|Any CPU
	EndGlobalSection
	GlobalSection(ProjectConfigurationPlatforms) = postSolution
		{4DB81548-C06B-49E0-BB35-02E850AC8BE6}.Debug|Any CPU.ActiveCfg = Debug|Any CPU
		{4DB81548-C06B-49E0-BB35-02E850AC8BE6}.Debug|Any CPU.Build.0 = Debug|Any CPU
		{4DB81548-C06B-49E0-BB35-02E850AC8BE6}.Release|Any CPU.ActiveCfg = Release|Any CPU
		{4DB81548-C06B-49E0-BB35-02E850AC8BE6}.Release|Any CPU.Build.0 = Release|Any CPU
		{582138FD-81F5-4538-B86A-39BF5BB0A710}.Debug|Any CPU.ActiveCfg = Debug|Any CPU
		{582138FD-81F5-4538-B86A-39BF5BB0A710}.Debug|Any CPU.Build.0 = Debug|Any CPU
		{582138FD-81F5-4538-B86A-39BF5BB0A710}.Release|Any CPU.ActiveCfg = Release|Any CPU
		{582138FD-81F5-4538-B86A-39BF5BB0A710}.Release|Any CPU.Build.0 = Release|Any CPU
		{18FC6C15-D91C-4896-92A8-727C6843926C}.Debug|Any CPU.ActiveCfg = Debug|Any CPU
		{18FC6C15-D91C-4896-92A8-727C6843926C}.Debug|Any CPU.Build.0 = Debug|Any CPU
		{18FC6C15-D91C-4896-92A8-727C6843926C}.Release|Any CPU.ActiveCfg = Release|Any CPU
		{18FC6C15-D91C-4896-92A8-727C6843926C}.Release|Any CPU.Build.0 = Release|Any CPU
	EndGlobalSection
	GlobalSection(SolutionProperties) = preSolution
		HideSolutionNode = FALSE
	EndGlobalSection
EndGlobal
